
Microsoft Visual Studio Solution File, Format Version 12.00
# Visual Studio Version 16
VisualStudioVersion = 16.0.29806.167
MinimumVisualStudioVersion = 10.0.40219.1
Project("{F184B08F-C81C-45F6-A57F-5ABD9991F28F}") = "SELHANBERKINCEYLAN_06_01", "SELHANBERKINCEYLAN_06_01\SELHANBERKINCEYLAN_06_01.vbproj", "{79F5EB97-B3BA-4E2F-968A-FE7E97586B00}"
EndProject
Global
	GlobalSection(SolutionConfigurationPlatforms) = preSolution
		Debug|Any CPU = Debug|Any CPU
		Release|Any CPU = Release|Any CPU
	EndGlobalSection
	GlobalSection(ProjectConfigurationPlatforms) = postSolution
		{79F5EB97-B3BA-4E2F-968A-FE7E97586B00}.Debug|Any CPU.ActiveCfg = Debug|Any CPU
		{79F5EB97-B3BA-4E2F-968A-FE7E97586B00}.Debug|Any CPU.Build.0 = Debug|Any CPU
		{79F5EB97-B3BA-4E2F-968A-FE7E97586B00}.Release|Any CPU.ActiveCfg = Release|Any CPU
		{79F5EB97-B3BA-4E2F-968A-FE7E97586B00}.Release|Any CPU.Build.0 = Release|Any CPU
	EndGlobalSection
	GlobalSection(SolutionProperties) = preSolution
		HideSolutionNode = FALSE
	EndGlobalSection
	GlobalSection(ExtensibilityGlobals) = postSolution
		SolutionGuid = {85A1BD3D-D4AA-4AF5-A99C-C50A7F92CE52}
	EndGlobalSection
EndGlobal
